
Microsoft Visual Studio Solution File, Format Version 12.00
# Visual Studio Version 17
VisualStudioVersion = 17.1.32328.378
MinimumVisualStudioVersion = 10.0.40219.1
Project("{9A19103F-16F7-4668-BE54-9A1E7A4F7556}") = "ToDoList", "ToDoList\ToDoList.csproj", "{8A8ECE61-78E6-4793-9ECD-7F4813C3502A}"
EndProject
Project("{9A19103F-16F7-4668-BE54-9A1E7A4F7556}") = "ToDoList.Tests", "ToDoList.Tests\ToDoList.Tests.csproj", "{CBBA8B3D-A45B-4406-BE76-CDBA7B4F849B}"
EndProject
Global
	GlobalSection(SolutionConfigurationPlatforms) = preSolution
		Debug|Any CPU = Debug|Any CPU
		Release|Any CPU = Release|Any CPU
	EndGlobalSection
	GlobalSection(ProjectConfigurationPlatforms) = postSolution
		{8A8ECE61-78E6-4793-9ECD-7F4813C3502A}.Debug|Any CPU.ActiveCfg = Debug|Any CPU
		{8A8ECE61-78E6-4793-9ECD-7F4813C3502A}.Debug|Any CPU.Build.0 = Debug|Any CPU
		{8A8ECE61-78E6-4793-9ECD-7F4813C3502A}.Release|Any CPU.ActiveCfg = Release|Any CPU
		{8A8ECE61-78E6-4793-9ECD-7F4813C3502A}.Release|Any CPU.Build.0 = Release|Any CPU
		{CBBA8B3D-A45B-4406-BE76-CDBA7B4F849B}.Debug|Any CPU.ActiveCfg = Debug|Any CPU
		{CBBA8B3D-A45B-4406-BE76-CDBA7B4F849B}.Debug|Any CPU.Build.0 = Debug|Any CPU
		{CBBA8B3D-A45B-4406-BE76-CDBA7B4F849B}.Release|Any CPU.ActiveCfg = Release|Any CPU
		{CBBA8B3D-A45B-4406-BE76-CDBA7B4F849B}.Release|Any CPU.Build.0 = Release|Any CPU
	EndGlobalSection
	GlobalSection(SolutionProperties) = preSolution
		HideSolutionNode = FALSE
	EndGlobalSection
	GlobalSection(ExtensibilityGlobals) = postSolution
		SolutionGuid = {7AA568E7-19CF-4AFB-988B-E56A963E2829}
	EndGlobalSection
EndGlobal
